
Microsoft Visual Studio Solution File, Format Version 12.00
# Visual Studio Version 17
VisualStudioVersion = 17.11.35327.3
MinimumVisualStudioVersion = 10.0.40219.1
Project("{FAE04EC0-301F-11D3-BF4B-00C04F79EFBC}") = "modelirovanie", "modelirovanie\modelirovanie.csproj", "{688705A6-5D92-4379-BEB1-661DCB5D0A4A}"
EndProject
Global
	GlobalSection(SolutionConfigurationPlatforms) = preSolution
		Debug|Any CPU = Debug|Any CPU
		Release|Any CPU = Release|Any CPU
	EndGlobalSection
	GlobalSection(ProjectConfigurationPlatforms) = postSolution
		{688705A6-5D92-4379-BEB1-661DCB5D0A4A}.Debug|Any CPU.ActiveCfg = Debug|Any CPU
		{688705A6-5D92-4379-BEB1-661DCB5D0A4A}.Debug|Any CPU.Build.0 = Debug|Any CPU
		{688705A6-5D92-4379-BEB1-661DCB5D0A4A}.Release|Any CPU.ActiveCfg = Release|Any CPU
		{688705A6-5D92-4379-BEB1-661DCB5D0A4A}.Release|Any CPU.Build.0 = Release|Any CPU
	EndGlobalSection
	GlobalSection(SolutionProperties) = preSolution
		HideSolutionNode = FALSE
	EndGlobalSection
	GlobalSection(ExtensibilityGlobals) = postSolution
		SolutionGuid = {FADB4B50-F066-4B31-8F34-48EA40DFBFA2}
	EndGlobalSection
EndGlobal
